
Microsoft Visual Studio Solution File, Format Version 12.00
# Visual Studio 15
VisualStudioVersion = 15.0.28307.329
MinimumVisualStudioVersion = 10.0.40219.1
Project("{FAE04EC0-301F-11D3-BF4B-00C04F79EFBC}") = "Task1", "Task1\Task1.csproj", "{9B45C380-5B68-43B7-AFD3-3A95E9B9A530}"
EndProject
Global
	GlobalSection(SolutionConfigurationPlatforms) = preSolution
		Debug|Any CPU = Debug|Any CPU
		Release|Any CPU = Release|Any CPU
	EndGlobalSection
	GlobalSection(ProjectConfigurationPlatforms) = postSolution
		{9B45C380-5B68-43B7-AFD3-3A95E9B9A530}.Debug|Any CPU.ActiveCfg = Debug|Any CPU
		{9B45C380-5B68-43B7-AFD3-3A95E9B9A530}.Debug|Any CPU.Build.0 = Debug|Any CPU
		{9B45C380-5B68-43B7-AFD3-3A95E9B9A530}.Release|Any CPU.ActiveCfg = Release|Any CPU
		{9B45C380-5B68-43B7-AFD3-3A95E9B9A530}.Release|Any CPU.Build.0 = Release|Any CPU
	EndGlobalSection
	GlobalSection(SolutionProperties) = preSolution
		HideSolutionNode = FALSE
	EndGlobalSection
	GlobalSection(ExtensibilityGlobals) = postSolution
		SolutionGuid = {42B5D723-CA69-45F4-92E6-9F1C403308BD}
	EndGlobalSection
EndGlobal
